
Microsoft Visual Studio Solution File, Format Version 12.00
# Visual Studio Version 17
VisualStudioVersion = 17.9.34728.123
MinimumVisualStudioVersion = 10.0.40219.1
Project("{9A19103F-16F7-4668-BE54-9A1E7A4F7556}") = "Orders.Backend", "Orders.Backend\Orders.Backend.csproj", "{908E0F3F-06AA-4E30-87C7-960C4AFAB934}"
EndProject
Project("{9A19103F-16F7-4668-BE54-9A1E7A4F7556}") = "Orders.Frontend", "Orders.Frontend\Orders.Frontend.csproj", "{CCCA8CE4-90A0-4876-8AA6-BADB98287182}"
EndProject
Project("{9A19103F-16F7-4668-BE54-9A1E7A4F7556}") = "Orders.Test", "Orders.Test\Orders.Test.csproj", "{FCB58CF3-9B40-4ABB-ACA7-9288CB416FC4}"
EndProject
Project("{9A19103F-16F7-4668-BE54-9A1E7A4F7556}") = "Orders.Shared", "Orders.Shared\Orders.Shared.csproj", "{8E54763C-0205-47DF-B48C-823D225E3677}"
EndProject
Global
	GlobalSection(SolutionConfigurationPlatforms) = preSolution
		Debug|Any CPU = Debug|Any CPU
		Release|Any CPU = Release|Any CPU
	EndGlobalSection
	GlobalSection(ProjectConfigurationPlatforms) = postSolution
		{908E0F3F-06AA-4E30-87C7-960C4AFAB934}.Debug|Any CPU.ActiveCfg = Debug|Any CPU
		{908E0F3F-06AA-4E30-87C7-960C4AFAB934}.Debug|Any CPU.Build.0 = Debug|Any CPU
		{908E0F3F-06AA-4E30-87C7-960C4AFAB934}.Release|Any CPU.ActiveCfg = Release|Any CPU
		{908E0F3F-06AA-4E30-87C7-960C4AFAB934}.Release|Any CPU.Build.0 = Release|Any CPU
		{CCCA8CE4-90A0-4876-8AA6-BADB98287182}.Debug|Any CPU.ActiveCfg = Debug|Any CPU
		{CCCA8CE4-90A0-4876-8AA6-BADB98287182}.Debug|Any CPU.Build.0 = Debug|Any CPU
		{CCCA8CE4-90A0-4876-8AA6-BADB98287182}.Release|Any CPU.ActiveCfg = Release|Any CPU
		{CCCA8CE4-90A0-4876-8AA6-BADB98287182}.Release|Any CPU.Build.0 = Release|Any CPU
		{FCB58CF3-9B40-4ABB-ACA7-9288CB416FC4}.Debug|Any CPU.ActiveCfg = Debug|Any CPU
		{FCB58CF3-9B40-4ABB-ACA7-9288CB416FC4}.Debug|Any CPU.Build.0 = Debug|Any CPU
		{FCB58CF3-9B40-4ABB-ACA7-9288CB416FC4}.Release|Any CPU.ActiveCfg = Release|Any CPU
		{FCB58CF3-9B40-4ABB-ACA7-9288CB416FC4}.Release|Any CPU.Build.0 = Release|Any CPU
		{8E54763C-0205-47DF-B48C-823D225E3677}.Debug|Any CPU.ActiveCfg = Debug|Any CPU
		{8E54763C-0205-47DF-B48C-823D225E3677}.Debug|Any CPU.Build.0 = Debug|Any CPU
		{8E54763C-0205-47DF-B48C-823D225E3677}.Release|Any CPU.ActiveCfg = Release|Any CPU
		{8E54763C-0205-47DF-B48C-823D225E3677}.Release|Any CPU.Build.0 = Release|Any CPU
	EndGlobalSection
	GlobalSection(SolutionProperties) = preSolution
		HideSolutionNode = FALSE
	EndGlobalSection
	GlobalSection(ExtensibilityGlobals) = postSolution
		SolutionGuid = {44D51AB0-CC1C-40B1-9278-B96E3FDD41D8}
	EndGlobalSection
EndGlobal
